
Microsoft Visual Studio Solution File, Format Version 12.00
# Visual Studio Version 16
VisualStudioVersion = 16.0.30114.105
MinimumVisualStudioVersion = 10.0.40219.1
Project("{2150E333-8FDC-42A3-9474-1A3956D46DE8}") = "src", "src", "{61454B75-E838-4928-A066-809F852C83C5}"
EndProject
Project("{FAE04EC0-301F-11D3-BF4B-00C04F79EFBC}") = "PinService.Application", "src\PinService.Application\PinService.Application.csproj", "{B25F4671-3EE0-4CAB-833E-2715DDB704D6}"
EndProject
Project("{FAE04EC0-301F-11D3-BF4B-00C04F79EFBC}") = "PinService.Infrastructure", "src\PinService.Infrastructure\PinService.Infrastructure.csproj", "{CA87642A-EC1F-4A16-879C-6BE243B51B36}"
EndProject
Project("{FAE04EC0-301F-11D3-BF4B-00C04F79EFBC}") = "PinService.Distance", "src\PinService.Distance\PinService.Distance.csproj", "{C0F50D98-B5DE-477A-B6F9-E97F0F52B438}"
EndProject
Project("{FAE04EC0-301F-11D3-BF4B-00C04F79EFBC}") = "PinService.Domain", "src\PinService.Domain\PinService.Domain.csproj", "{96BBC1DF-53FC-40ED-ACA7-26D1A1762BF5}"
EndProject
Project("{FAE04EC0-301F-11D3-BF4B-00C04F79EFBC}") = "PinService.Domain.Core", "src\PinService.Domain.Core\PinService.Domain.Core.csproj", "{D88D553C-EA43-44F4-9355-9FAA0A0A2E45}"
EndProject
Project("{FAE04EC0-301F-11D3-BF4B-00C04F79EFBC}") = "PinService.WebApi", "src\PinService.WebApi\PinService.WebApi.csproj", "{426DDA36-46D8-4A82-8180-1ECE7A07B8A8}"
EndProject
Project("{2150E333-8FDC-42A3-9474-1A3956D46DE8}") = "tests", "tests", "{53662B73-BD3E-4FC2-907B-2575641637AF}"
EndProject
Project("{FAE04EC0-301F-11D3-BF4B-00C04F79EFBC}") = "PinService.IntegrationTesting", "tests\PinService.IntegrationTesting\PinService.IntegrationTesting.csproj", "{2C0F4547-689F-4B84-9A78-C1AC9982F394}"
EndProject
Project("{FAE04EC0-301F-11D3-BF4B-00C04F79EFBC}") = "PinService.UnitTesting", "tests\PinService.UnitTesting\PinService.UnitTesting.csproj", "{70D1663A-B80C-45AF-83B0-1D71A7E0A65C}"
EndProject
Project("{FAE04EC0-301F-11D3-BF4B-00C04F79EFBC}") = "PinService.Cache", "src\PinService.Cache\PinService.Cache.csproj", "{FD375B51-1B53-4545-9CA9-AD2EAB3F0436}"
EndProject
Global
	GlobalSection(SolutionConfigurationPlatforms) = preSolution
		Debug|Any CPU = Debug|Any CPU
		Release|Any CPU = Release|Any CPU
	EndGlobalSection
	GlobalSection(SolutionProperties) = preSolution
		HideSolutionNode = FALSE
	EndGlobalSection
	GlobalSection(ProjectConfigurationPlatforms) = postSolution
		{B25F4671-3EE0-4CAB-833E-2715DDB704D6}.Debug|Any CPU.ActiveCfg = Debug|Any CPU
		{B25F4671-3EE0-4CAB-833E-2715DDB704D6}.Debug|Any CPU.Build.0 = Debug|Any CPU
		{B25F4671-3EE0-4CAB-833E-2715DDB704D6}.Release|Any CPU.ActiveCfg = Release|Any CPU
		{B25F4671-3EE0-4CAB-833E-2715DDB704D6}.Release|Any CPU.Build.0 = Release|Any CPU
		{CA87642A-EC1F-4A16-879C-6BE243B51B36}.Debug|Any CPU.ActiveCfg = Debug|Any CPU
		{CA87642A-EC1F-4A16-879C-6BE243B51B36}.Debug|Any CPU.Build.0 = Debug|Any CPU
		{CA87642A-EC1F-4A16-879C-6BE243B51B36}.Release|Any CPU.ActiveCfg = Release|Any CPU
		{CA87642A-EC1F-4A16-879C-6BE243B51B36}.Release|Any CPU.Build.0 = Release|Any CPU
		{C0F50D98-B5DE-477A-B6F9-E97F0F52B438}.Debug|Any CPU.ActiveCfg = Debug|Any CPU
		{C0F50D98-B5DE-477A-B6F9-E97F0F52B438}.Debug|Any CPU.Build.0 = Debug|Any CPU
		{C0F50D98-B5DE-477A-B6F9-E97F0F52B438}.Release|Any CPU.ActiveCfg = Release|Any CPU
		{C0F50D98-B5DE-477A-B6F9-E97F0F52B438}.Release|Any CPU.Build.0 = Release|Any CPU
		{96BBC1DF-53FC-40ED-ACA7-26D1A1762BF5}.Debug|Any CPU.ActiveCfg = Debug|Any CPU
		{96BBC1DF-53FC-40ED-ACA7-26D1A1762BF5}.Debug|Any CPU.Build.0 = Debug|Any CPU
		{96BBC1DF-53FC-40ED-ACA7-26D1A1762BF5}.Release|Any CPU.ActiveCfg = Release|Any CPU
		{96BBC1DF-53FC-40ED-ACA7-26D1A1762BF5}.Release|Any CPU.Build.0 = Release|Any CPU
		{D88D553C-EA43-44F4-9355-9FAA0A0A2E45}.Debug|Any CPU.ActiveCfg = Debug|Any CPU
		{D88D553C-EA43-44F4-9355-9FAA0A0A2E45}.Debug|Any CPU.Build.0 = Debug|Any CPU
		{D88D553C-EA43-44F4-9355-9FAA0A0A2E45}.Release|Any CPU.ActiveCfg = Release|Any CPU
		{D88D553C-EA43-44F4-9355-9FAA0A0A2E45}.Release|Any CPU.Build.0 = Release|Any CPU
		{426DDA36-46D8-4A82-8180-1ECE7A07B8A8}.Debug|Any CPU.ActiveCfg = Debug|Any CPU
		{426DDA36-46D8-4A82-8180-1ECE7A07B8A8}.Debug|Any CPU.Build.0 = Debug|Any CPU
		{426DDA36-46D8-4A82-8180-1ECE7A07B8A8}.Release|Any CPU.ActiveCfg = Release|Any CPU
		{426DDA36-46D8-4A82-8180-1ECE7A07B8A8}.Release|Any CPU.Build.0 = Release|Any CPU
		{2C0F4547-689F-4B84-9A78-C1AC9982F394}.Debug|Any CPU.ActiveCfg = Debug|Any CPU
		{2C0F4547-689F-4B84-9A78-C1AC9982F394}.Debug|Any CPU.Build.0 = Debug|Any CPU
		{2C0F4547-689F-4B84-9A78-C1AC9982F394}.Release|Any CPU.ActiveCfg = Release|Any CPU
		{2C0F4547-689F-4B84-9A78-C1AC9982F394}.Release|Any CPU.Build.0 = Release|Any CPU
		{70D1663A-B80C-45AF-83B0-1D71A7E0A65C}.Debug|Any CPU.ActiveCfg = Debug|Any CPU
		{70D1663A-B80C-45AF-83B0-1D71A7E0A65C}.Debug|Any CPU.Build.0 = Debug|Any CPU
		{70D1663A-B80C-45AF-83B0-1D71A7E0A65C}.Release|Any CPU.ActiveCfg = Release|Any CPU
		{70D1663A-B80C-45AF-83B0-1D71A7E0A65C}.Release|Any CPU.Build.0 = Release|Any CPU
		{FD375B51-1B53-4545-9CA9-AD2EAB3F0436}.Debug|Any CPU.ActiveCfg = Debug|Any CPU
		{FD375B51-1B53-4545-9CA9-AD2EAB3F0436}.Debug|Any CPU.Build.0 = Debug|Any CPU
		{FD375B51-1B53-4545-9CA9-AD2EAB3F0436}.Release|Any CPU.ActiveCfg = Release|Any CPU
		{FD375B51-1B53-4545-9CA9-AD2EAB3F0436}.Release|Any CPU.Build.0 = Release|Any CPU
	EndGlobalSection
	GlobalSection(NestedProjects) = preSolution
		{B25F4671-3EE0-4CAB-833E-2715DDB704D6} = {61454B75-E838-4928-A066-809F852C83C5}
		{CA87642A-EC1F-4A16-879C-6BE243B51B36} = {61454B75-E838-4928-A066-809F852C83C5}
		{C0F50D98-B5DE-477A-B6F9-E97F0F52B438} = {61454B75-E838-4928-A066-809F852C83C5}
		{96BBC1DF-53FC-40ED-ACA7-26D1A1762BF5} = {61454B75-E838-4928-A066-809F852C83C5}
		{D88D553C-EA43-44F4-9355-9FAA0A0A2E45} = {61454B75-E838-4928-A066-809F852C83C5}
		{426DDA36-46D8-4A82-8180-1ECE7A07B8A8} = {61454B75-E838-4928-A066-809F852C83C5}
		{2C0F4547-689F-4B84-9A78-C1AC9982F394} = {53662B73-BD3E-4FC2-907B-2575641637AF}
		{70D1663A-B80C-45AF-83B0-1D71A7E0A65C} = {53662B73-BD3E-4FC2-907B-2575641637AF}
		{FD375B51-1B53-4545-9CA9-AD2EAB3F0436} = {61454B75-E838-4928-A066-809F852C83C5}
	EndGlobalSection
EndGlobal
